
Microsoft Visual Studio Solution File, Format Version 12.00
# Visual Studio Version 16
VisualStudioVersion = 16.0.32228.343
MinimumVisualStudioVersion = 10.0.40219.1
Project("{9A19103F-16F7-4668-BE54-9A1E7A4F7556}") = "Aplicacion", "Aplicacion\Aplicacion.csproj", "{7715301C-9B06-48EE-8A7F-6BDB76603F5A}"
EndProject
Project("{9A19103F-16F7-4668-BE54-9A1E7A4F7556}") = "Entidades", "Entidades\Entidades.csproj", "{21C9CC93-4FED-4B88-8C8B-792E18C7B53A}"
EndProject
Project("{FAE04EC0-301F-11D3-BF4B-00C04F79EFBC}") = "TestProyect", "TestProyect\TestProyect.csproj", "{65378BA5-F5AD-4DC7-AC6F-AD7B66F2416A}"
EndProject
Project("{FAE04EC0-301F-11D3-BF4B-00C04F79EFBC}") = "BibliotecaException", "BibliotecaException\BibliotecaException.csproj", "{9ACB70DC-7B3D-40B0-BC4E-0DDB2BEC474E}"
EndProject
Global
	GlobalSection(SolutionConfigurationPlatforms) = preSolution
		Debug|Any CPU = Debug|Any CPU
		Release|Any CPU = Release|Any CPU
	EndGlobalSection
	GlobalSection(ProjectConfigurationPlatforms) = postSolution
		{7715301C-9B06-48EE-8A7F-6BDB76603F5A}.Debug|Any CPU.ActiveCfg = Debug|Any CPU
		{7715301C-9B06-48EE-8A7F-6BDB76603F5A}.Debug|Any CPU.Build.0 = Debug|Any CPU
		{7715301C-9B06-48EE-8A7F-6BDB76603F5A}.Release|Any CPU.ActiveCfg = Release|Any CPU
		{7715301C-9B06-48EE-8A7F-6BDB76603F5A}.Release|Any CPU.Build.0 = Release|Any CPU
		{21C9CC93-4FED-4B88-8C8B-792E18C7B53A}.Debug|Any CPU.ActiveCfg = Debug|Any CPU
		{21C9CC93-4FED-4B88-8C8B-792E18C7B53A}.Debug|Any CPU.Build.0 = Debug|Any CPU
		{21C9CC93-4FED-4B88-8C8B-792E18C7B53A}.Release|Any CPU.ActiveCfg = Release|Any CPU
		{21C9CC93-4FED-4B88-8C8B-792E18C7B53A}.Release|Any CPU.Build.0 = Release|Any CPU
		{65378BA5-F5AD-4DC7-AC6F-AD7B66F2416A}.Debug|Any CPU.ActiveCfg = Debug|Any CPU
		{65378BA5-F5AD-4DC7-AC6F-AD7B66F2416A}.Debug|Any CPU.Build.0 = Debug|Any CPU
		{65378BA5-F5AD-4DC7-AC6F-AD7B66F2416A}.Release|Any CPU.ActiveCfg = Release|Any CPU
		{65378BA5-F5AD-4DC7-AC6F-AD7B66F2416A}.Release|Any CPU.Build.0 = Release|Any CPU
		{9ACB70DC-7B3D-40B0-BC4E-0DDB2BEC474E}.Debug|Any CPU.ActiveCfg = Debug|Any CPU
		{9ACB70DC-7B3D-40B0-BC4E-0DDB2BEC474E}.Debug|Any CPU.Build.0 = Debug|Any CPU
		{9ACB70DC-7B3D-40B0-BC4E-0DDB2BEC474E}.Release|Any CPU.ActiveCfg = Release|Any CPU
		{9ACB70DC-7B3D-40B0-BC4E-0DDB2BEC474E}.Release|Any CPU.Build.0 = Release|Any CPU
	EndGlobalSection
	GlobalSection(SolutionProperties) = preSolution
		HideSolutionNode = FALSE
	EndGlobalSection
	GlobalSection(ExtensibilityGlobals) = postSolution
		SolutionGuid = {10BD8FAF-4EFE-4570-9F1C-02CF2ECC4E1A}
	EndGlobalSection
EndGlobal
